{
  "name": "@yanzyuyu/yncli",
  "version": "1.0.0",
  "lockfileVersion": 3,
  "requires": true,
  "packages": {
    "": {
      "name": "@yanzyuyu/yncli",
      "version": "1.0.0",
      "license": "MIT",
      "dependencies": {
        "@yanzyuyu/yncli": "^1.0.0"
      },
      "bin": {
        "yncli": "bin/yncli.js"
      },
      "engines": {
        "node": ">=16.0.0"
      }
    },
    "node_modules/@yanzyuyu/yncli": {
      "version": "1.0.0",
      "resolved": "https://registry.npmjs.org/@yanzyuyu/yncli/-/yncli-1.0.0.tgz",
      "integrity": "sha512-uhMWw5sSS7wmHSbOohipVqUAVfMfaDJ8knC0m6wLk9sN7HSxx1S3/cX/fYtaPsGqpuZXYLHAhhV4oPWkFBDJDA==",
      "license": "MIT",
      "bin": {
        "yncli": "bin/yncli.js"
      },
      "engines": {
        "node": ">=16.0.0"
      }
    }
  }
}
